
Microsoft Visual Studio Solution File, Format Version 12.00
# Visual Studio Version 17
VisualStudioVersion = 17.2.32516.85
MinimumVisualStudioVersion = 10.0.40219.1
Project("{FAE04EC0-301F-11D3-BF4B-00C04F79EFBC}") = "Project Music_Application With SQL", "Project Music_Application With SQL\Project Music_Application With SQL.csproj", "{536940DE-746D-44D7-B5B2-997F5149F588}"
EndProject
Global
	GlobalSection(SolutionConfigurationPlatforms) = preSolution
		Debug|Any CPU = Debug|Any CPU
		Release|Any CPU = Release|Any CPU
	EndGlobalSection
	GlobalSection(ProjectConfigurationPlatforms) = postSolution
		{536940DE-746D-44D7-B5B2-997F5149F588}.Debug|Any CPU.ActiveCfg = Debug|Any CPU
		{536940DE-746D-44D7-B5B2-997F5149F588}.Debug|Any CPU.Build.0 = Debug|Any CPU
		{536940DE-746D-44D7-B5B2-997F5149F588}.Release|Any CPU.ActiveCfg = Release|Any CPU
		{536940DE-746D-44D7-B5B2-997F5149F588}.Release|Any CPU.Build.0 = Release|Any CPU
	EndGlobalSection
	GlobalSection(SolutionProperties) = preSolution
		HideSolutionNode = FALSE
	EndGlobalSection
	GlobalSection(ExtensibilityGlobals) = postSolution
		SolutionGuid = {9E407C5E-B714-43A3-99AC-4EAEAD060F12}
	EndGlobalSection
EndGlobal
